
Microsoft Visual Studio Solution File, Format Version 12.00
# Visual Studio Version 17
VisualStudioVersion = 17.5.33530.505
MinimumVisualStudioVersion = 10.0.40219.1
Project("{FAE04EC0-301F-11D3-BF4B-00C04F79EFBC}") = "DemoEFCore7-F", "DemoEFCore7-F\DemoEFCore7-F.csproj", "{D47D64AB-EE48-4C8F-8136-F368BDBA304C}"
EndProject
Global
	GlobalSection(SolutionConfigurationPlatforms) = preSolution
		Debug|Any CPU = Debug|Any CPU
		Release|Any CPU = Release|Any CPU
	EndGlobalSection
	GlobalSection(ProjectConfigurationPlatforms) = postSolution
		{D47D64AB-EE48-4C8F-8136-F368BDBA304C}.Debug|Any CPU.ActiveCfg = Debug|Any CPU
		{D47D64AB-EE48-4C8F-8136-F368BDBA304C}.Debug|Any CPU.Build.0 = Debug|Any CPU
		{D47D64AB-EE48-4C8F-8136-F368BDBA304C}.Release|Any CPU.ActiveCfg = Release|Any CPU
		{D47D64AB-EE48-4C8F-8136-F368BDBA304C}.Release|Any CPU.Build.0 = Release|Any CPU
	EndGlobalSection
	GlobalSection(SolutionProperties) = preSolution
		HideSolutionNode = FALSE
	EndGlobalSection
	GlobalSection(ExtensibilityGlobals) = postSolution
		SolutionGuid = {E4FED5E6-F4AB-4255-9F7A-41EC6990557D}
	EndGlobalSection
EndGlobal
